
Microsoft Visual Studio Solution File, Format Version 12.00
# Visual Studio 15
Project("{FAE04EC0-301F-11D3-BF4B-00C04F79EFBC}") = "Assembly-CSharp", "Assembly-CSharp.csproj", "{F7EAD58E-B3F2-D6C2-258A-B4BBCD5CE48A}"
EndProject
Project("{FAE04EC0-301F-11D3-BF4B-00C04F79EFBC}") = "Assembly-CSharp-Editor", "Assembly-CSharp-Editor.csproj", "{D6C839B4-4A73-8D72-C81F-18C582FE5F81}"
EndProject
Global
	GlobalSection(SolutionConfigurationPlatforms) = preSolution
		Debug|Any CPU = Debug|Any CPU
		Release|Any CPU = Release|Any CPU
	EndGlobalSection
	GlobalSection(ProjectConfigurationPlatforms) = postSolution
		{F7EAD58E-B3F2-D6C2-258A-B4BBCD5CE48A}.Debug|Any CPU.ActiveCfg = Debug|Any CPU
		{F7EAD58E-B3F2-D6C2-258A-B4BBCD5CE48A}.Debug|Any CPU.Build.0 = Debug|Any CPU
		{F7EAD58E-B3F2-D6C2-258A-B4BBCD5CE48A}.Release|Any CPU.ActiveCfg = Release|Any CPU
		{F7EAD58E-B3F2-D6C2-258A-B4BBCD5CE48A}.Release|Any CPU.Build.0 = Release|Any CPU
		{D6C839B4-4A73-8D72-C81F-18C582FE5F81}.Debug|Any CPU.ActiveCfg = Debug|Any CPU
		{D6C839B4-4A73-8D72-C81F-18C582FE5F81}.Debug|Any CPU.Build.0 = Debug|Any CPU
		{D6C839B4-4A73-8D72-C81F-18C582FE5F81}.Release|Any CPU.ActiveCfg = Release|Any CPU
		{D6C839B4-4A73-8D72-C81F-18C582FE5F81}.Release|Any CPU.Build.0 = Release|Any CPU
	EndGlobalSection
	GlobalSection(SolutionProperties) = preSolution
		HideSolutionNode = FALSE
	EndGlobalSection
EndGlobal
